
Microsoft Visual Studio Solution File, Format Version 12.00
# Visual Studio Version 16
VisualStudioVersion = 16.0.810.12
MinimumVisualStudioVersion = 10.0.40219.1
Project("{FAE04EC0-301F-11D3-BF4B-00C04F79EFBC}") = "LogUtil", "LogUtil\LogUtil.csproj", "{936EB0EE-2F31-4920-B165-C85BC87E8A2A}"
EndProject
Global
	GlobalSection(SolutionConfigurationPlatforms) = preSolution
		Debug|Any CPU = Debug|Any CPU
		Release|Any CPU = Release|Any CPU
	EndGlobalSection
	GlobalSection(ProjectConfigurationPlatforms) = postSolution
		{936EB0EE-2F31-4920-B165-C85BC87E8A2A}.Debug|Any CPU.ActiveCfg = Debug|Any CPU
		{936EB0EE-2F31-4920-B165-C85BC87E8A2A}.Debug|Any CPU.Build.0 = Debug|Any CPU
		{936EB0EE-2F31-4920-B165-C85BC87E8A2A}.Release|Any CPU.ActiveCfg = Release|Any CPU
		{936EB0EE-2F31-4920-B165-C85BC87E8A2A}.Release|Any CPU.Build.0 = Release|Any CPU
	EndGlobalSection
	GlobalSection(SolutionProperties) = preSolution
		HideSolutionNode = FALSE
	EndGlobalSection
	GlobalSection(ExtensibilityGlobals) = postSolution
		SolutionGuid = {894BE982-DE85-449B-AB36-67B4E66E6AC9}
	EndGlobalSection
EndGlobal
